{
    "ocramius/package-versions": {
        "version": "1.2.0"
    },
    "zendframework/zend-eventmanager": {
        "version": "3.2.0"
    },
    "zendframework/zend-code": {
        "version": "3.3.0"
    },
    "ocramius/proxy-manager": {
        "version": "2.1.1"
    },
    "doctrine/migrations": {
        "version": "v1.6.2"
    },
    "doctrine/doctrine-migrations-bundle": {
        "version": "1.2",
        "recipe": {
            "repo": "github.com/symfony/recipes",
            "branch": "master",
            "version": "1.2",
            "ref": "c1431086fec31f17fbcfe6d6d7e92059458facc1"
        }
    }
}
