{
    "babdev/pagerfanta-bundle": {
        "version": "v2.0.0-alpha"
    },
    "behat/transliterator": {
        "version": "v1.2.0"
    },
    "doctrine/annotations": {
        "version": "1.0",
        "recipe": {
            "repo": "github.com/symfony/recipes",
            "branch": "master",
            "version": "1.0",
            "ref": "cb4152ebcadbe620ea2261da1a1c5a9b8cea7672"
        },
        "files": [
            "config/routes/annotations.yaml"
        ]
    },
    "doctrine/cache": {
        "version": "v1.8.0"
    },
    "doctrine/collections": {
        "version": "v1.6.2"
    },
    "doctrine/common": {
        "version": "v2.10.0"
    },
    "doctrine/data-fixtures": {
        "version": "v1.3.1"
    },
    "doctrine/dbal": {
        "version": "v2.9.2"
    },
    "doctrine/doctrine-bundle": {
        "version": "1.6",
        "recipe": {
            "repo": "github.com/symfony/recipes",
            "branch": "master",
            "version": "1.6",
            "ref": "2ede24c63b72e96be0b28819052033f887024927"
        },
        "files": [
            "config/packages/doctrine.yaml",
            "config/packages/prod/doctrine.yaml",
            "src/Entity/.gitignore",
            "src/Repository/.gitignore"
        ]
    },
    "doctrine/doctrine-fixtures-bundle": {
        "version": "3.0",
        "recipe": {
            "repo": "github.com/symfony/recipes",
            "branch": "master",
            "version": "3.0",
            "ref": "fc52d86631a6dfd9fdf3381d0b7e3df2069e51b3"
        },
        "files": [
            "src/DataFixtures/AppFixtures.php"
        ]
    },
    "doctrine/doctrine-migrations-bundle": {
        "version": "1.2",
        "recipe": {
            "repo": "github.com/symfony/recipes",
            "branch": "master",
            "version": "1.2",
            "ref": "c1431086fec31f17fbcfe6d6d7e92059458facc1"
        },
        "files": [
            "config/packages/doctrine_migrations.yaml",
            "src/Migrations/.gitignore"
        ]
    },
    "doctrine/event-manager": {
        "version": "v1.0.0"
    },
    "doctrine/inflector": {
        "version": "v1.3.0"
    },
    "doctrine/instantiator": {
        "version": "1.2.0"
    },
    "doctrine/lexer": {
        "version": "1.0.2"
    },
    "doctrine/migrations": {
        "version": "v2.1.0"
    },
    "doctrine/orm": {
        "version": "v2.6.3"
    },
    "doctrine/persistence": {
        "version": "1.1.1"
    },
    "doctrine/reflection": {
        "version": "v1.0.0"
    },
    "easycorp/easyadmin-bundle": {
        "version": "2.0",
        "recipe": {
            "repo": "github.com/symfony/recipes",
            "branch": "master",
            "version": "2.0",
            "ref": "0a51040a43c6f2172a3a0135cd15daf2043905d7"
        },
        "files": [
            "config/packages/easy_admin.yaml",
            "config/routes/easy_admin.yaml"
        ]
    },
    "friendsofsymfony/ckeditor-bundle": {
        "version": "2.0",
        "recipe": {
            "repo": "github.com/symfony/recipes-contrib",
            "branch": "master",
            "version": "2.0",
            "ref": "8eb1cd0962ded6a6d6e1e5a9b6d3e888f9f94ff6"
        },
        "files": [
            "config/packages/fos_ckeditor.yaml"
        ]
    },
    "jdorn/sql-formatter": {
        "version": "v1.2.17"
    },
    "jms/metadata": {
        "version": "1.7.0"
    },
    "monolog/monolog": {
        "version": "1.24.0"
    },
    "ocramius/proxy-manager": {
        "version": "2.1.1"
    },
    "pagerfanta/pagerfanta": {
        "version": "v2.1.2"
    },
    "php": {
        "version": "7.2.9"
    },
    "psr/cache": {
        "version": "1.0.1"
    },
    "psr/container": {
        "version": "1.0.0"
    },
    "psr/event-dispatcher": {
        "version": "1.0.0"
    },
    "psr/log": {
        "version": "1.1.0"
    },
    "sensio/framework-extra-bundle": {
        "version": "5.2",
        "recipe": {
            "repo": "github.com/symfony/recipes",
            "branch": "master",
            "version": "5.2",
            "ref": "fb7e19da7f013d0d422fa9bce16f5c510e27609b"
        },
        "files": [
            "config/packages/sensio_framework_extra.yaml"
        ]
    },
    "symfony/asset": {
        "version": "v4.3.1"
    },
    "symfony/browser-kit": {
        "version": "v4.3.1"
    },
    "symfony/cache": {
        "version": "v4.3.1"
    },
    "symfony/cache-contracts": {
        "version": "v1.1.1"
    },
    "symfony/config": {
        "version": "v4.3.1"
    },
    "symfony/console": {
        "version": "3.3",
        "recipe": {
            "repo": "github.com/symfony/recipes",
            "branch": "master",
            "version": "3.3",
            "ref": "482d233eb8de91ebd042992077bbd5838858890c"
        },
        "files": [
            "bin/console",
            "config/bootstrap.php"
        ]
    },
    "symfony/debug-bundle": {
        "version": "4.1",
        "recipe": {
            "repo": "github.com/symfony/recipes",
            "branch": "master",
            "version": "4.1",
            "ref": "f8863cbad2f2e58c4b65fa1eac892ab189971bea"
        },
        "files": [
            "config/packages/dev/debug.yaml"
        ]
    },
    "symfony/dependency-injection": {
        "version": "v4.3.1"
    },
    "symfony/doctrine-bridge": {
        "version": "v4.3.1"
    },
    "symfony/dom-crawler": {
        "version": "v4.3.1"
    },
    "symfony/dotenv": {
        "version": "v4.3.1"
    },
    "symfony/error-handler": {
        "version": "v4.4.0"
    },
    "symfony/event-dispatcher": {
        "version": "v4.3.1"
    },
    "symfony/event-dispatcher-contracts": {
        "version": "v1.1.1"
    },
    "symfony/expression-language": {
        "version": "v4.3.1"
    },
    "symfony/filesystem": {
        "version": "v4.3.1"
    },
    "symfony/finder": {
        "version": "v4.3.1"
    },
    "symfony/flex": {
        "version": "1.0",
        "recipe": {
            "repo": "github.com/symfony/recipes",
            "branch": "master",
            "version": "1.0",
            "ref": "19fa03bacd9a6619583d1e4939da4388df22984d"
        },
        "files": [
            ".env"
        ]
    },
    "symfony/form": {
        "version": "v4.3.1"
    },
    "symfony/framework-bundle": {
        "version": "4.2",
        "recipe": {
            "repo": "github.com/symfony/recipes",
            "branch": "master",
            "version": "4.2",
            "ref": "c71284f93644a00d4241dfaf068f0ba8c1efe2f6"
        },
        "files": [
            "config/bootstrap.php",
            "config/packages/cache.yaml",
            "config/packages/framework.yaml",
            "config/packages/test/framework.yaml",
            "config/services.yaml",
            "public/index.php",
            "src/Controller/.gitignore",
            "src/Kernel.php"
        ]
    },
    "symfony/http-foundation": {
        "version": "v4.3.1"
    },
    "symfony/http-kernel": {
        "version": "v4.3.1"
    },
    "symfony/inflector": {
        "version": "v4.3.1"
    },
    "symfony/intl": {
        "version": "v4.3.1"
    },
    "symfony/mime": {
        "version": "v4.3.1"
    },
    "symfony/monolog-bridge": {
        "version": "v4.3.1"
    },
    "symfony/monolog-bundle": {
        "version": "3.3",
        "recipe": {
            "repo": "github.com/symfony/recipes",
            "branch": "master",
            "version": "3.3",
            "ref": "6240c6d43e8237a32452f057f81816820fd56ab6"
        },
        "files": [
            "config/packages/dev/monolog.yaml",
            "config/packages/prod/monolog.yaml",
            "config/packages/test/monolog.yaml"
        ]
    },
    "symfony/options-resolver": {
        "version": "v4.3.1"
    },
    "symfony/orm-pack": {
        "version": "v1.0.6"
    },
    "symfony/phpunit-bridge": {
        "version": "4.3",
        "recipe": {
            "repo": "github.com/symfony/recipes",
            "branch": "master",
            "version": "4.3",
            "ref": "b0582341f1df39aaf3a9a866cdbe49937da35984"
        },
        "files": [
            ".env.test",
            "bin/phpunit",
            "config/bootstrap.php",
            "phpunit.xml.dist",
            "tests/.gitignore"
        ]
    },
    "symfony/polyfill-apcu": {
        "version": "v1.11.0"
    },
    "symfony/polyfill-ctype": {
        "version": "v1.11.0"
    },
    "symfony/polyfill-intl-icu": {
        "version": "v1.11.0"
    },
    "symfony/polyfill-intl-idn": {
        "version": "v1.11.0"
    },
    "symfony/polyfill-mbstring": {
        "version": "v1.11.0"
    },
    "symfony/polyfill-php72": {
        "version": "v1.11.0"
    },
    "symfony/polyfill-php73": {
        "version": "v1.11.0"
    },
    "symfony/profiler-pack": {
        "version": "v1.0.4"
    },
    "symfony/property-access": {
        "version": "v4.3.1"
    },
    "symfony/routing": {
        "version": "4.2",
        "recipe": {
            "repo": "github.com/symfony/recipes",
            "branch": "master",
            "version": "4.2",
            "ref": "683dcb08707ba8d41b7e34adb0344bfd68d248a7"
        },
        "files": [
            "config/packages/prod/routing.yaml",
            "config/packages/routing.yaml",
            "config/routes.yaml"
        ]
    },
    "symfony/security-bundle": {
        "version": "3.3",
        "recipe": {
            "repo": "github.com/symfony/recipes",
            "branch": "master",
            "version": "3.3",
            "ref": "e5a0228251d1dd2bca4c8ef918e14423c06db625"
        },
        "files": [
            "config/packages/security.yaml"
        ]
    },
    "symfony/security-core": {
        "version": "v4.3.1"
    },
    "symfony/security-csrf": {
        "version": "v4.3.1"
    },
    "symfony/security-guard": {
        "version": "v4.3.1"
    },
    "symfony/security-http": {
        "version": "v4.3.1"
    },
    "symfony/service-contracts": {
        "version": "v1.1.2"
    },
    "symfony/stopwatch": {
        "version": "v4.3.1"
    },
    "symfony/templating": {
        "version": "v4.3.1"
    },
    "symfony/translation": {
        "version": "3.3",
        "recipe": {
            "repo": "github.com/symfony/recipes",
            "branch": "master",
            "version": "3.3",
            "ref": "2ad9d2545bce8ca1a863e50e92141f0b9d87ffcd"
        },
        "files": [
            "config/packages/translation.yaml",
            "translations/.gitignore"
        ]
    },
    "symfony/translation-contracts": {
        "version": "v1.1.2"
    },
    "symfony/twig-bridge": {
        "version": "v4.3.1"
    },
    "symfony/twig-bundle": {
        "version": "3.3",
        "recipe": {
            "repo": "github.com/symfony/recipes",
            "branch": "master",
            "version": "3.3",
            "ref": "1da1987340b5ba64b16383906d678b989e3d096e"
        },
        "files": [
            "config/packages/test/twig.yaml",
            "config/packages/twig.yaml",
            "config/routes/dev/twig.yaml",
            "templates/base.html.twig"
        ]
    },
    "symfony/validator": {
        "version": "4.3",
        "recipe": {
            "repo": "github.com/symfony/recipes",
            "branch": "master",
            "version": "4.3",
            "ref": "d902da3e4952f18d3bf05aab29512eb61cabd869"
        },
        "files": [
            "config/packages/test/validator.yaml",
            "config/packages/validator.yaml"
        ]
    },
    "symfony/var-dumper": {
        "version": "v4.3.1"
    },
    "symfony/var-exporter": {
        "version": "v4.3.1"
    },
    "symfony/web-profiler-bundle": {
        "version": "3.3",
        "recipe": {
            "repo": "github.com/symfony/recipes",
            "branch": "master",
            "version": "3.3",
            "ref": "6bdfa1a95f6b2e677ab985cd1af2eae35d62e0f6"
        },
        "files": [
            "config/packages/dev/web_profiler.yaml",
            "config/packages/test/web_profiler.yaml",
            "config/routes/dev/web_profiler.yaml"
        ]
    },
    "symfony/yaml": {
        "version": "v4.3.1"
    },
    "twig/twig": {
        "version": "v2.11.3"
    },
    "vich/uploader-bundle": {
        "version": "1.5",
        "recipe": {
            "repo": "github.com/symfony/recipes-contrib",
            "branch": "master",
            "version": "1.5",
            "ref": "c4f5755b37fb65b9c6a3cbdae91205c15a137ed4"
        },
        "files": [
            "config/packages/vich_uploader.yaml"
        ]
    },
    "zendframework/zend-code": {
        "version": "3.3.1"
    },
    "zendframework/zend-eventmanager": {
        "version": "3.2.1"
    }
}
